
Microsoft Visual Studio Solution File, Format Version 12.00
# Visual Studio Version 17
VisualStudioVersion = 17.8.34330.188
MinimumVisualStudioVersion = 10.0.40219.1
Project("{FAE04EC0-301F-11D3-BF4B-00C04F79EFBC}") = "Touir.ExpensesManager.Users", "Touir.ExpensesManager.Users\Touir.ExpensesManager.Users.csproj", "{AFEB3B6E-D17A-4DB8-AE83-7FAF388918F8}"
EndProject
Project("{FAE04EC0-301F-11D3-BF4B-00C04F79EFBC}") = "Touir.ExpensesManager.Users.Tests", "Touir.ExpensesManager.Users.Tests\Touir.ExpensesManager.Users.Tests.csproj", "{C8B7F57D-50A3-49C0-AF49-BEF7D68A7258}"
EndProject
Global
	GlobalSection(SolutionConfigurationPlatforms) = preSolution
		Debug|Any CPU = Debug|Any CPU
		Release|Any CPU = Release|Any CPU
	EndGlobalSection
	GlobalSection(ProjectConfigurationPlatforms) = postSolution
		{AFEB3B6E-D17A-4DB8-AE83-7FAF388918F8}.Debug|Any CPU.ActiveCfg = Debug|Any CPU
		{AFEB3B6E-D17A-4DB8-AE83-7FAF388918F8}.Debug|Any CPU.Build.0 = Debug|Any CPU
		{AFEB3B6E-D17A-4DB8-AE83-7FAF388918F8}.Release|Any CPU.ActiveCfg = Release|Any CPU
		{AFEB3B6E-D17A-4DB8-AE83-7FAF388918F8}.Release|Any CPU.Build.0 = Release|Any CPU
		{C8B7F57D-50A3-49C0-AF49-BEF7D68A7258}.Debug|Any CPU.ActiveCfg = Debug|Any CPU
		{C8B7F57D-50A3-49C0-AF49-BEF7D68A7258}.Debug|Any CPU.Build.0 = Debug|Any CPU
		{C8B7F57D-50A3-49C0-AF49-BEF7D68A7258}.Release|Any CPU.ActiveCfg = Release|Any CPU
		{C8B7F57D-50A3-49C0-AF49-BEF7D68A7258}.Release|Any CPU.Build.0 = Release|Any CPU
	EndGlobalSection
	GlobalSection(SolutionProperties) = preSolution
		HideSolutionNode = FALSE
	EndGlobalSection
	GlobalSection(ExtensibilityGlobals) = postSolution
		SolutionGuid = {D088D266-8395-4D4D-990A-B0D92D2BE3DF}
	EndGlobalSection
EndGlobal
